
Microsoft Visual Studio Solution File, Format Version 12.00
# Visual Studio Version 17
VisualStudioVersion = 17.5.33502.453
MinimumVisualStudioVersion = 10.0.40219.1
Project("{2150E333-8FDC-42A3-9474-1A3956D46DE8}") = "config", "config", "{0887E142-3428-4881-9674-511F12E704AA}"
	ProjectSection(SolutionItems) = preProject
		Du.SuperSocket\log4net.config = Du.SuperSocket\log4net.config
	EndProjectSection
EndProject
Project("{FAE04EC0-301F-11D3-BF4B-00C04F79EFBC}") = "Du.Core", "Du.Core\Du.Core.csproj", "{CDF9F5AB-D64C-4F72-9949-540322539952}"
EndProject
Project("{FAE04EC0-301F-11D3-BF4B-00C04F79EFBC}") = "Du.SocketService", "Du.SocketService\Du.SocketService.csproj", "{1E4858B1-D98C-4ED3-AABD-D305FD2F4C12}"
EndProject
Global
	GlobalSection(SolutionConfigurationPlatforms) = preSolution
		Debug|Any CPU = Debug|Any CPU
		Release|Any CPU = Release|Any CPU
	EndGlobalSection
	GlobalSection(ProjectConfigurationPlatforms) = postSolution
		{CDF9F5AB-D64C-4F72-9949-540322539952}.Debug|Any CPU.ActiveCfg = Debug|Any CPU
		{CDF9F5AB-D64C-4F72-9949-540322539952}.Debug|Any CPU.Build.0 = Debug|Any CPU
		{CDF9F5AB-D64C-4F72-9949-540322539952}.Release|Any CPU.ActiveCfg = Release|Any CPU
		{CDF9F5AB-D64C-4F72-9949-540322539952}.Release|Any CPU.Build.0 = Release|Any CPU
		{1E4858B1-D98C-4ED3-AABD-D305FD2F4C12}.Debug|Any CPU.ActiveCfg = Debug|Any CPU
		{1E4858B1-D98C-4ED3-AABD-D305FD2F4C12}.Debug|Any CPU.Build.0 = Debug|Any CPU
		{1E4858B1-D98C-4ED3-AABD-D305FD2F4C12}.Release|Any CPU.ActiveCfg = Release|Any CPU
		{1E4858B1-D98C-4ED3-AABD-D305FD2F4C12}.Release|Any CPU.Build.0 = Release|Any CPU
	EndGlobalSection
	GlobalSection(SolutionProperties) = preSolution
		HideSolutionNode = FALSE
	EndGlobalSection
	GlobalSection(ExtensibilityGlobals) = postSolution
		SolutionGuid = {5D36E9DF-CB8C-47CE-B3A0-05BA0968D25D}
	EndGlobalSection
EndGlobal
